
Microsoft Visual Studio Solution File, Format Version 12.00
# Visual Studio Version 16
VisualStudioVersion = 16.0.31205.134
MinimumVisualStudioVersion = 10.0.40219.1
Project("{FAE04EC0-301F-11D3-BF4B-00C04F79EFBC}") = "MatchGame", "MatchGame\MatchGame.csproj", "{FD2325A2-002B-4B42-93E3-518F972AC7A3}"
EndProject
Global
	GlobalSection(SolutionConfigurationPlatforms) = preSolution
		Debug|Any CPU = Debug|Any CPU
		Release|Any CPU = Release|Any CPU
	EndGlobalSection
	GlobalSection(ProjectConfigurationPlatforms) = postSolution
		{FD2325A2-002B-4B42-93E3-518F972AC7A3}.Debug|Any CPU.ActiveCfg = Debug|Any CPU
		{FD2325A2-002B-4B42-93E3-518F972AC7A3}.Debug|Any CPU.Build.0 = Debug|Any CPU
		{FD2325A2-002B-4B42-93E3-518F972AC7A3}.Release|Any CPU.ActiveCfg = Release|Any CPU
		{FD2325A2-002B-4B42-93E3-518F972AC7A3}.Release|Any CPU.Build.0 = Release|Any CPU
	EndGlobalSection
	GlobalSection(SolutionProperties) = preSolution
		HideSolutionNode = FALSE
	EndGlobalSection
	GlobalSection(ExtensibilityGlobals) = postSolution
		SolutionGuid = {8EBD1D15-ABFB-468A-8272-CC7C79EE8D7A}
	EndGlobalSection
EndGlobal
